// !$*UTF8*$!
{
	archiveVersion = 1;
	classes = {
	};
	objectVersion = 46;
	objects = {

/* Begin PBXGroup section */
		D30D86D617C13BC600DB2CE2 = {
			isa = PBXGroup;
			children = (
			);
			sourceTree = "<group>";
		};
/* End PBXGroup section */

/* Begin PBXProject section */
		D30D86D717C13BC600DB2CE2 /* Project object */ = {
			isa = PBXProject;
			attributes = {
				LastUpgradeCheck = 0460;
			};
			buildConfigurationList = D30D86DA17C13BC600DB2CE2 /* Build configuration list for PBXProject "Auto_Sampler" */;
			compatibilityVersion = "Xcode 3.2";
			developmentRegion = English;
			hasScannedForEncodings = 0;
			knownRegions = (
				en,
			);
			mainGroup = D30D86D617C13BC600DB2CE2;
			projectDirPath = "";
			projectRoot = "";
			targets = (
			);
		};
/* End PBXProject section */

/* Begin XCBuildConfiguration section */
		D30D86DB17C13BC600DB2CE2 /* Debug */ = {
			isa = XCBuildConfiguration;
			buildSettings = {
			};
			name = Debug;
		};
		D30D86DC17C13BC600DB2CE2 /* Release */ = {
			isa = XCBuildConfiguration;
			buildSettings = {
			};
			name = Release;
		};
/* End XCBuildConfiguration section */

/* Begin XCConfigurationList section */
		D30D86DA17C13BC600DB2CE2 /* Build configuration list for PBXProject "Auto_Sampler" */ = {
			isa = XCConfigurationList;
			buildConfigurations = (
				D30D86DB17C13BC600DB2CE2 /* Debug */,
				D30D86DC17C13BC600DB2CE2 /* Release */,
			);
			defaultConfigurationIsVisible = 0;
			defaultConfigurationName = Release;
		};
/* End XCConfigurationList section */
	};
	rootObject = D30D86D717C13BC600DB2CE2 /* Project object */;
}
